// !$*UTF8*$!
{
	archiveVersion = 1;
	classes = {
	};
	objectVersion = 46;
	objects = {

/* Begin PBXBuildFile section */
		7F297D181F705B3D00FF66D2 /* zploit.m in Sources */ = {isa = PBXBuildFile; fileRef = 7F297D171F705B3D00FF66D2 /* zploit.m */; };
		7F297D371F705BEF00FF66D2 /* apple_ave_pwn.m in Sources */ = {isa = PBXBuildFile; fileRef = 7F297D1B1F705BEF00FF66D2 /* apple_ave_pwn.m */; };
		7F297D381F705BEF00FF66D2 /* apple_ave_utils.m in Sources */ = {isa = PBXBuildFile; fileRef = 7F297D1D1F705BEF00FF66D2 /* apple_ave_utils.m */; };
		7F297D391F705BEF00FF66D2 /* heap_spray.m in Sources */ = {isa = PBXBuildFile; fileRef = 7F297D211F705BEF00FF66D2 /* heap_spray.m */; };
		7F297D3B1F705BEF00FF66D2 /* iokitUser.m in Sources */ = {isa = PBXBuildFile; fileRef = 7F297D2A1F705BEF00FF66D2 /* iokitUser.m */; };
		7F297D3C1F705BEF00FF66D2 /* iosurface_utils.m in Sources */ = {isa = PBXBuildFile; fileRef = 7F297D2C1F705BEF00FF66D2 /* iosurface_utils.m */; };
		7F297D3D1F705BEF00FF66D2 /* kernel_read.m in Sources */ = {isa = PBXBuildFile; fileRef = 7F297D2E1F705BEF00FF66D2 /* kernel_read.m */; };
		7F297D3E1F705BEF00FF66D2 /* offsets.m in Sources */ = {isa = PBXBuildFile; fileRef = 7F297D301F705BEF00FF66D2 /* offsets.m */; };
		7F297D3F1F705BEF00FF66D2 /* z_exploit.m in Sources */ = {isa = PBXBuildFile; fileRef = 7F297D321F705BEF00FF66D2 /* z_exploit.m */; };
		7F297D401F705BEF00FF66D2 /* rwx.m in Sources */ = {isa = PBXBuildFile; fileRef = 7F297D341F705BEF00FF66D2 /* rwx.m */; };
		7F297D411F705BEF00FF66D2 /* utils.m in Sources */ = {isa = PBXBuildFile; fileRef = 7F297D361F705BEF00FF66D2 /* utils.m */; };
		7F297D451F70636C00FF66D2 /* IOKit.framework in Frameworks */ = {isa = PBXBuildFile; fileRef = 7F297D441F70636C00FF66D2 /* IOKit.framework */; };
		7F4152661F6F3CD100C38899 /* AppDelegate.m in Sources */ = {isa = PBXBuildFile; fileRef = 7F4152651F6F3CD100C38899 /* AppDelegate.m */; };
		7F4152691F6F3CD100C38899 /* ViewController.m in Sources */ = {isa = PBXBuildFile; fileRef = 7F4152681F6F3CD100C38899 /* ViewController.m */; };
		7F41526C1F6F3CD100C38899 /* Main.storyboard in Resources */ = {isa = PBXBuildFile; fileRef = 7F41526A1F6F3CD100C38899 /* Main.storyboard */; };
		7F41526E1F6F3CD100C38899 /* Assets.xcassets in Resources */ = {isa = PBXBuildFile; fileRef = 7F41526D1F6F3CD100C38899 /* Assets.xcassets */; };
		7F4152711F6F3CD100C38899 /* LaunchScreen.storyboard in Resources */ = {isa = PBXBuildFile; fileRef = 7F41526F1F6F3CD100C38899 /* LaunchScreen.storyboard */; };
		7F41527C1F6F3CD100C38899 /* trizivaTests.m in Sources */ = {isa = PBXBuildFile; fileRef = 7F41527B1F6F3CD100C38899 /* trizivaTests.m */; };
		7F4152871F6F3CD100C38899 /* trizivaUITests.m in Sources */ = {isa = PBXBuildFile; fileRef = 7F4152861F6F3CD100C38899 /* trizivaUITests.m */; };
		7F4152BC1F6F3EFD00C38899 /* cdhash.c in Sources */ = {isa = PBXBuildFile; fileRef = 7F41529A1F6F3EFD00C38899 /* cdhash.c */; };
		7F4152BD1F6F3EFD00C38899 /* debugger_support.c in Sources */ = {isa = PBXBuildFile; fileRef = 7F41529C1F6F3EFD00C38899 /* debugger_support.c */; };
		7F4152BE1F6F3EFD00C38899 /* debugserver in Resources */ = {isa = PBXBuildFile; fileRef = 7F41529E1F6F3EFD00C38899 /* debugserver */; };
		7F4152BF1F6F3EFD00C38899 /* debugserver.diff in Resources */ = {isa = PBXBuildFile; fileRef = 7F41529F1F6F3EFD00C38899 /* debugserver.diff */; };
		7F4152C01F6F3EFD00C38899 /* drop_payload.c in Sources */ = {isa = PBXBuildFile; fileRef = 7F4152A01F6F3EFD00C38899 /* drop_payload.c */; };
		7F4152C11F6F3EFE00C38899 /* Info.plist in Resources */ = {isa = PBXBuildFile; fileRef = 7F4152A21F6F3EFD00C38899 /* Info.plist */; };
		7F4152C31F6F3EFE00C38899 /* main.m in Sources */ = {isa = PBXBuildFile; fileRef = 7F4152A51F6F3EFD00C38899 /* main.m */; };
		7F4152C41F6F3EFE00C38899 /* minibplist16.c in Sources */ = {isa = PBXBuildFile; fileRef = 7F4152A61F6F3EFD00C38899 /* minibplist16.c */; };
		7F4152C51F6F3EFE00C38899 /* patch_amfid.c in Sources */ = {isa = PBXBuildFile; fileRef = 7F4152A81F6F3EFD00C38899 /* patch_amfid.c */; };
		7F4152C61F6F3EFE00C38899 /* pocs in Resources */ = {isa = PBXBuildFile; fileRef = 7F4152AA1F6F3EFD00C38899 /* pocs */; };
		7F4152C71F6F3EFE00C38899 /* post_exploit.c in Sources */ = {isa = PBXBuildFile; fileRef = 7F4152AB1F6F3EFD00C38899 /* post_exploit.c */; };
		7F4152C81F6F3EFE00C38899 /* README in Resources */ = {isa = PBXBuildFile; fileRef = 7F4152AD1F6F3EFD00C38899 /* README */; };
		7F4152C91F6F3EFE00C38899 /* remote_call.c in Sources */ = {isa = PBXBuildFile; fileRef = 7F4152AE1F6F3EFD00C38899 /* remote_call.c */; };
		7F4152CA1F6F3EFE00C38899 /* remote_file.c in Sources */ = {isa = PBXBuildFile; fileRef = 7F4152B01F6F3EFD00C38899 /* remote_file.c */; };
		7F4152CB1F6F3EFE00C38899 /* remote_memory.c in Sources */ = {isa = PBXBuildFile; fileRef = 7F4152B21F6F3EFD00C38899 /* remote_memory.c */; };
		7F4152CC1F6F3EFE00C38899 /* remote_ports.c in Sources */ = {isa = PBXBuildFile; fileRef = 7F4152B41F6F3EFD00C38899 /* remote_ports.c */; };
		7F4152CD1F6F3EFE00C38899 /* sploit.c in Sources */ = {isa = PBXBuildFile; fileRef = 7F4152B61F6F3EFD00C38899 /* sploit.c */; };
		7F4152CE1F6F3EFE00C38899 /* task_ports.c in Sources */ = {isa = PBXBuildFile; fileRef = 7F4152B81F6F3EFD00C38899 /* task_ports.c */; };
		7F4152CF1F6F3EFE00C38899 /* xpc_handshake.c in Sources */ = {isa = PBXBuildFile; fileRef = 7F4152BA1F6F3EFD00C38899 /* xpc_handshake.c */; };
		7F4152E61F6F406500C38899 /* oxpc_array.c in Sources */ = {isa = PBXBuildFile; fileRef = 7F4152D11F6F406500C38899 /* oxpc_array.c */; };
		7F4152E71F6F406500C38899 /* oxpc_data.c in Sources */ = {isa = PBXBuildFile; fileRef = 7F4152D31F6F406500C38899 /* oxpc_data.c */; };
		7F4152E81F6F406500C38899 /* oxpc_dictionary.c in Sources */ = {isa = PBXBuildFile; fileRef = 7F4152D51F6F406500C38899 /* oxpc_dictionary.c */; };
		7F4152E91F6F406500C38899 /* oxpc_mach_send.c in Sources */ = {isa = PBXBuildFile; fileRef = 7F4152D71F6F406500C38899 /* oxpc_mach_send.c */; };
		7F4152EA1F6F406500C38899 /* oxpc_object.c in Sources */ = {isa = PBXBuildFile; fileRef = 7F4152D91F6F406500C38899 /* oxpc_object.c */; };
		7F4152EB1F6F406500C38899 /* oxpc_ool_data.c in Sources */ = {isa = PBXBuildFile; fileRef = 7F4152DB1F6F406500C38899 /* oxpc_ool_data.c */; };
		7F4152EC1F6F406500C38899 /* oxpc_string.c in Sources */ = {isa = PBXBuildFile; fileRef = 7F4152DD1F6F406500C38899 /* oxpc_string.c */; };
		7F4152ED1F6F406500C38899 /* oxpc_uint64.c in Sources */ = {isa = PBXBuildFile; fileRef = 7F4152DF1F6F406500C38899 /* oxpc_uint64.c */; };
		7F4152EE1F6F406500C38899 /* oxpc_utils.c in Sources */ = {isa = PBXBuildFile; fileRef = 7F4152E11F6F406500C38899 /* oxpc_utils.c */; };
		7F4152EF1F6F406500C38899 /* oxpc_uuid.c in Sources */ = {isa = PBXBuildFile; fileRef = 7F4152E31F6F406500C38899 /* oxpc_uuid.c */; };
/* End PBXBuildFile section */

/* Begin PBXContainerItemProxy section */
		7F4152781F6F3CD100C38899 /* PBXContainerItemProxy */ = {
			isa = PBXContainerItemProxy;
			containerPortal = 7F4152561F6F3CD100C38899 /* Project object */;
			proxyType = 1;
			remoteGlobalIDString = 7F41525D1F6F3CD100C38899;
			remoteInfo = triziva;
		};
		7F4152831F6F3CD100C38899 /* PBXContainerItemProxy */ = {
			isa = PBXContainerItemProxy;
			containerPortal = 7F4152561F6F3CD100C38899 /* Project object */;
			proxyType = 1;
			remoteGlobalIDString = 7F41525D1F6F3CD100C38899;
			remoteInfo = triziva;
		};
/* End PBXContainerItemProxy section */

/* Begin PBXFileReference section */
		7F297D171F705B3D00FF66D2 /* zploit.m */ = {isa = PBXFileReference; fileEncoding = 4; lastKnownFileType = sourcecode.c.objc; name = zploit.m; path = triziva/zploit.m; sourceTree = "<group>"; };
		7F297D1A1F705BEF00FF66D2 /* apple_ave_pwn.h */ = {isa = PBXFileReference; fileEncoding = 4; lastKnownFileType = sourcecode.c.h; name = apple_ave_pwn.h; path = triziva/ziva/apple_ave_pwn.h; sourceTree = "<group>"; };
		7F297D1B1F705BEF00FF66D2 /* apple_ave_pwn.m */ = {isa = PBXFileReference; fileEncoding = 4; lastKnownFileType = sourcecode.c.objc; name = apple_ave_pwn.m; path = triziva/ziva/apple_ave_pwn.m; sourceTree = "<group>"; };
		7F297D1C1F705BEF00FF66D2 /* apple_ave_utils.h */ = {isa = PBXFileReference; fileEncoding = 4; lastKnownFileType = sourcecode.c.h; name = apple_ave_utils.h; path = triziva/ziva/apple_ave_utils.h; sourceTree = "<group>"; };
		7F297D1D1F705BEF00FF66D2 /* apple_ave_utils.m */ = {isa = PBXFileReference; fileEncoding = 4; lastKnownFileType = sourcecode.c.objc; name = apple_ave_utils.m; path = triziva/ziva/apple_ave_utils.m; sourceTree = "<group>"; };
		7F297D1E1F705BEF00FF66D2 /* device_port.h */ = {isa = PBXFileReference; fileEncoding = 4; lastKnownFileType = sourcecode.c.h; name = device_port.h; path = triziva/ziva/device_port.h; sourceTree = "<group>"; };
		7F297D1F1F705BEF00FF66D2 /* device_types.h */ = {isa = PBXFileReference; fileEncoding = 4; lastKnownFileType = sourcecode.c.h; name = device_types.h; path = triziva/ziva/device_types.h; sourceTree = "<group>"; };
		7F297D201F705BEF00FF66D2 /* heap_spray.h */ = {isa = PBXFileReference; fileEncoding = 4; lastKnownFileType = sourcecode.c.h; name = heap_spray.h; path = triziva/ziva/heap_spray.h; sourceTree = "<group>"; };
		7F297D211F705BEF00FF66D2 /* heap_spray.m */ = {isa = PBXFileReference; fileEncoding = 4; lastKnownFileType = sourcecode.c.objc; name = heap_spray.m; path = triziva/ziva/heap_spray.m; sourceTree = "<group>"; };
		7F297D291F705BEF00FF66D2 /* iokit.h */ = {isa = PBXFileReference; fileEncoding = 4; lastKnownFileType = sourcecode.c.h; name = iokit.h; path = triziva/ziva/iokit.h; sourceTree = "<group>"; };
		7F297D2A1F705BEF00FF66D2 /* iokitUser.m */ = {isa = PBXFileReference; fileEncoding = 4; lastKnownFileType = sourcecode.c.objc; name = iokitUser.m; path = triziva/ziva/iokitUser.m; sourceTree = "<group>"; };
		7F297D2B1F705BEF00FF66D2 /* iosurface_utils.h */ = {isa = PBXFileReference; fileEncoding = 4; lastKnownFileType = sourcecode.c.h; name = iosurface_utils.h; path = triziva/ziva/iosurface_utils.h; sourceTree = "<group>"; };
		7F297D2C1F705BEF00FF66D2 /* iosurface_utils.m */ = {isa = PBXFileReference; fileEncoding = 4; lastKnownFileType = sourcecode.c.objc; name = iosurface_utils.m; path = triziva/ziva/iosurface_utils.m; sourceTree = "<group>"; };
		7F297D2D1F705BEF00FF66D2 /* kernel_read.h */ = {isa = PBXFileReference; fileEncoding = 4; lastKnownFileType = sourcecode.c.h; name = kernel_read.h; path = triziva/ziva/kernel_read.h; sourceTree = "<group>"; };
		7F297D2E1F705BEF00FF66D2 /* kernel_read.m */ = {isa = PBXFileReference; fileEncoding = 4; lastKnownFileType = sourcecode.c.objc; name = kernel_read.m; path = triziva/ziva/kernel_read.m; sourceTree = "<group>"; };
		7F297D2F1F705BEF00FF66D2 /* offsets.h */ = {isa = PBXFileReference; fileEncoding = 4; lastKnownFileType = sourcecode.c.h; name = offsets.h; path = triziva/ziva/offsets.h; sourceTree = "<group>"; };
		7F297D301F705BEF00FF66D2 /* offsets.m */ = {isa = PBXFileReference; fileEncoding = 4; lastKnownFileType = sourcecode.c.objc; name = offsets.m; path = triziva/ziva/offsets.m; sourceTree = "<group>"; };
		7F297D311F705BEF00FF66D2 /* z_exploit.h */ = {isa = PBXFileReference; fileEncoding = 4; lastKnownFileType = sourcecode.c.h; name = z_exploit.h; path = triziva/ziva/z_exploit.h; sourceTree = "<group>"; };
		7F297D321F705BEF00FF66D2 /* z_exploit.m */ = {isa = PBXFileReference; fileEncoding = 4; lastKnownFileType = sourcecode.c.objc; name = z_exploit.m; path = triziva/ziva/z_exploit.m; sourceTree = "<group>"; };
		7F297D331F705BEF00FF66D2 /* rwx.h */ = {isa = PBXFileReference; fileEncoding = 4; lastKnownFileType = sourcecode.c.h; name = rwx.h; path = triziva/ziva/rwx.h; sourceTree = "<group>"; };
		7F297D341F705BEF00FF66D2 /* rwx.m */ = {isa = PBXFileReference; fileEncoding = 4; lastKnownFileType = sourcecode.c.objc; name = rwx.m; path = triziva/ziva/rwx.m; sourceTree = "<group>"; };
		7F297D351F705BEF00FF66D2 /* utils.h */ = {isa = PBXFileReference; fileEncoding = 4; lastKnownFileType = sourcecode.c.h; name = utils.h; path = triziva/ziva/utils.h; sourceTree = "<group>"; };
		7F297D361F705BEF00FF66D2 /* utils.m */ = {isa = PBXFileReference; fileEncoding = 4; lastKnownFileType = sourcecode.c.objc; name = utils.m; path = triziva/ziva/utils.m; sourceTree = "<group>"; };
		7F297D421F705F9F00FF66D2 /* zploit.h */ = {isa = PBXFileReference; lastKnownFileType = sourcecode.c.h; path = zploit.h; sourceTree = "<group>"; };
		7F297D441F70636C00FF66D2 /* IOKit.framework */ = {isa = PBXFileReference; lastKnownFileType = wrapper.framework; name = IOKit.framework; path = "../../ziVA3-master/ziva3/IOKit.framework"; sourceTree = "<group>"; };
		7F297D461F70643800FF66D2 /* IOKit.framework */ = {isa = PBXFileReference; lastKnownFileType = wrapper.framework; path = IOKit.framework; sourceTree = "<group>"; };
		7F41525E1F6F3CD100C38899 /* triziva.app */ = {isa = PBXFileReference; explicitFileType = wrapper.application; includeInIndex = 0; path = triziva.app; sourceTree = BUILT_PRODUCTS_DIR; };
		7F4152621F6F3CD100C38899 /* main.m */ = {isa = PBXFileReference; lastKnownFileType = sourcecode.c.objc; path = main.m; sourceTree = "<group>"; };
		7F4152641F6F3CD100C38899 /* AppDelegate.h */ = {isa = PBXFileReference; lastKnownFileType = sourcecode.c.h; path = AppDelegate.h; sourceTree = "<group>"; };
		7F4152651F6F3CD100C38899 /* AppDelegate.m */ = {isa = PBXFileReference; lastKnownFileType = sourcecode.c.objc; path = AppDelegate.m; sourceTree = "<group>"; };
		7F4152671F6F3CD100C38899 /* ViewController.h */ = {isa = PBXFileReference; lastKnownFileType = sourcecode.c.h; path = ViewController.h; sourceTree = "<group>"; };
		7F4152681F6F3CD100C38899 /* ViewController.m */ = {isa = PBXFileReference; lastKnownFileType = sourcecode.c.objc; path = ViewController.m; sourceTree = "<group>"; };
		7F41526B1F6F3CD100C38899 /* Base */ = {isa = PBXFileReference; lastKnownFileType = file.storyboard; name = Base; path = Base.lproj/Main.storyboard; sourceTree = "<group>"; };
		7F41526D1F6F3CD100C38899 /* Assets.xcassets */ = {isa = PBXFileReference; lastKnownFileType = folder.assetcatalog; path = Assets.xcassets; sourceTree = "<group>"; };
		7F4152701F6F3CD100C38899 /* Base */ = {isa = PBXFileReference; lastKnownFileType = file.storyboard; name = Base; path = Base.lproj/LaunchScreen.storyboard; sourceTree = "<group>"; };
		7F4152721F6F3CD100C38899 /* Info.plist */ = {isa = PBXFileReference; lastKnownFileType = text.plist.xml; path = Info.plist; sourceTree = "<group>"; };
		7F4152771F6F3CD100C38899 /* trizivaTests.xctest */ = {isa = PBXFileReference; explicitFileType = wrapper.cfbundle; includeInIndex = 0; path = trizivaTests.xctest; sourceTree = BUILT_PRODUCTS_DIR; };
		7F41527B1F6F3CD100C38899 /* trizivaTests.m */ = {isa = PBXFileReference; lastKnownFileType = sourcecode.c.objc; path = trizivaTests.m; sourceTree = "<group>"; };
		7F41527D1F6F3CD100C38899 /* Info.plist */ = {isa = PBXFileReference; lastKnownFileType = text.plist.xml; path = Info.plist; sourceTree = "<group>"; };
		7F4152821F6F3CD100C38899 /* trizivaUITests.xctest */ = {isa = PBXFileReference; explicitFileType = wrapper.cfbundle; includeInIndex = 0; path = trizivaUITests.xctest; sourceTree = BUILT_PRODUCTS_DIR; };
		7F4152861F6F3CD100C38899 /* trizivaUITests.m */ = {isa = PBXFileReference; lastKnownFileType = sourcecode.c.objc; path = trizivaUITests.m; sourceTree = "<group>"; };
		7F4152881F6F3CD100C38899 /* Info.plist */ = {isa = PBXFileReference; lastKnownFileType = text.plist.xml; path = Info.plist; sourceTree = "<group>"; };
		7F41529A1F6F3EFD00C38899 /* cdhash.c */ = {isa = PBXFileReference; fileEncoding = 4; lastKnownFileType = sourcecode.c.c; name = cdhash.c; path = triziva/go/cdhash.c; sourceTree = "<group>"; };
		7F41529B1F6F3EFD00C38899 /* cdhash.h */ = {isa = PBXFileReference; fileEncoding = 4; lastKnownFileType = sourcecode.c.h; name = cdhash.h; path = triziva/go/cdhash.h; sourceTree = "<group>"; };
		7F41529C1F6F3EFD00C38899 /* debugger_support.c */ = {isa = PBXFileReference; fileEncoding = 4; lastKnownFileType = sourcecode.c.c; name = debugger_support.c; path = triziva/go/debugger_support.c; sourceTree = "<group>"; };
		7F41529D1F6F3EFD00C38899 /* debugger_support.h */ = {isa = PBXFileReference; fileEncoding = 4; lastKnownFileType = sourcecode.c.h; name = debugger_support.h; path = triziva/go/debugger_support.h; sourceTree = "<group>"; };
		7F41529E1F6F3EFD00C38899 /* debugserver */ = {isa = PBXFileReference; lastKnownFileType = "compiled.mach-o.executable"; name = debugserver; path = triziva/go/debugserver; sourceTree = "<group>"; };
		7F41529F1F6F3EFD00C38899 /* debugserver.diff */ = {isa = PBXFileReference; fileEncoding = 4; lastKnownFileType = text; name = debugserver.diff; path = triziva/go/debugserver.diff; sourceTree = "<group>"; };
		7F4152A01F6F3EFD00C38899 /* drop_payload.c */ = {isa = PBXFileReference; fileEncoding = 4; lastKnownFileType = sourcecode.c.c; name = drop_payload.c; path = triziva/go/drop_payload.c; sourceTree = "<group>"; };
		7F4152A11F6F3EFD00C38899 /* drop_payload.h */ = {isa = PBXFileReference; fileEncoding = 4; lastKnownFileType = sourcecode.c.h; name = drop_payload.h; path = triziva/go/drop_payload.h; sourceTree = "<group>"; };
		7F4152A21F6F3EFD00C38899 /* Info.plist */ = {isa = PBXFileReference; fileEncoding = 4; lastKnownFileType = text.plist.xml; name = Info.plist; path = triziva/go/Info.plist; sourceTree = "<group>"; };
		7F4152A41F6F3EFD00C38899 /* log.h */ = {isa = PBXFileReference; fileEncoding = 4; lastKnownFileType = sourcecode.c.h; name = log.h; path = triziva/go/log.h; sourceTree = "<group>"; };
		7F4152A51F6F3EFD00C38899 /* main.m */ = {isa = PBXFileReference; fileEncoding = 4; lastKnownFileType = sourcecode.c.objc; name = main.m; path = triziva/go/main.m; sourceTree = "<group>"; };
		7F4152A61F6F3EFD00C38899 /* minibplist16.c */ = {isa = PBXFileReference; fileEncoding = 4; lastKnownFileType = sourcecode.c.c; name = minibplist16.c; path = triziva/go/minibplist16.c; sourceTree = "<group>"; };
		7F4152A71F6F3EFD00C38899 /* minibplist16.h */ = {isa = PBXFileReference; fileEncoding = 4; lastKnownFileType = sourcecode.c.h; name = minibplist16.h; path = triziva/go/minibplist16.h; sourceTree = "<group>"; };
		7F4152A81F6F3EFD00C38899 /* patch_amfid.c */ = {isa = PBXFileReference; fileEncoding = 4; lastKnownFileType = sourcecode.c.c; name = patch_amfid.c; path = triziva/go/patch_amfid.c; sourceTree = "<group>"; };
		7F4152A91F6F3EFD00C38899 /* patch_amfid.h */ = {isa = PBXFileReference; fileEncoding = 4; lastKnownFileType = sourcecode.c.h; name = patch_amfid.h; path = triziva/go/patch_amfid.h; sourceTree = "<group>"; };
		7F4152AA1F6F3EFD00C38899 /* pocs */ = {isa = PBXFileReference; lastKnownFileType = folder; name = pocs; path = triziva/go/pocs; sourceTree = "<group>"; };
		7F4152AB1F6F3EFD00C38899 /* post_exploit.c */ = {isa = PBXFileReference; fileEncoding = 4; lastKnownFileType = sourcecode.c.c; name = post_exploit.c; path = triziva/go/post_exploit.c; sourceTree = "<group>"; };
		7F4152AC1F6F3EFD00C38899 /* post_exploit.h */ = {isa = PBXFileReference; fileEncoding = 4; lastKnownFileType = sourcecode.c.h; name = post_exploit.h; path = triziva/go/post_exploit.h; sourceTree = "<group>"; };
		7F4152AD1F6F3EFD00C38899 /* README */ = {isa = PBXFileReference; fileEncoding = 4; lastKnownFileType = text; name = README; path = triziva/go/README; sourceTree = "<group>"; };
		7F4152AE1F6F3EFD00C38899 /* remote_call.c */ = {isa = PBXFileReference; fileEncoding = 4; lastKnownFileType = sourcecode.c.c; name = remote_call.c; path = triziva/go/remote_call.c; sourceTree = "<group>"; };
		7F4152AF1F6F3EFD00C38899 /* remote_call.h */ = {isa = PBXFileReference; fileEncoding = 4; lastKnownFileType = sourcecode.c.h; name = remote_call.h; path = triziva/go/remote_call.h; sourceTree = "<group>"; };
		7F4152B01F6F3EFD00C38899 /* remote_file.c */ = {isa = PBXFileReference; fileEncoding = 4; lastKnownFileType = sourcecode.c.c; name = remote_file.c; path = triziva/go/remote_file.c; sourceTree = "<group>"; };
		7F4152B11F6F3EFD00C38899 /* remote_file.h */ = {isa = PBXFileReference; fileEncoding = 4; lastKnownFileType = sourcecode.c.h; name = remote_file.h; path = triziva/go/remote_file.h; sourceTree = "<group>"; };
		7F4152B21F6F3EFD00C38899 /* remote_memory.c */ = {isa = PBXFileReference; fileEncoding = 4; lastKnownFileType = sourcecode.c.c; name = remote_memory.c; path = triziva/go/remote_memory.c; sourceTree = "<group>"; };
		7F4152B31F6F3EFD00C38899 /* remote_memory.h */ = {isa = PBXFileReference; fileEncoding = 4; lastKnownFileType = sourcecode.c.h; name = remote_memory.h; path = triziva/go/remote_memory.h; sourceTree = "<group>"; };
		7F4152B41F6F3EFD00C38899 /* remote_ports.c */ = {isa = PBXFileReference; fileEncoding = 4; lastKnownFileType = sourcecode.c.c; name = remote_ports.c; path = triziva/go/remote_ports.c; sourceTree = "<group>"; };
		7F4152B51F6F3EFD00C38899 /* remote_ports.h */ = {isa = PBXFileReference; fileEncoding = 4; lastKnownFileType = sourcecode.c.h; name = remote_ports.h; path = triziva/go/remote_ports.h; sourceTree = "<group>"; };
		7F4152B61F6F3EFD00C38899 /* sploit.c */ = {isa = PBXFileReference; fileEncoding = 4; lastKnownFileType = sourcecode.c.c; name = sploit.c; path = triziva/go/sploit.c; sourceTree = "<group>"; };
		7F4152B71F6F3EFD00C38899 /* sploit.h */ = {isa = PBXFileReference; fileEncoding = 4; lastKnownFileType = sourcecode.c.h; name = sploit.h; path = triziva/go/sploit.h; sourceTree = "<group>"; };
		7F4152B81F6F3EFD00C38899 /* task_ports.c */ = {isa = PBXFileReference; fileEncoding = 4; lastKnownFileType = sourcecode.c.c; name = task_ports.c; path = triziva/go/task_ports.c; sourceTree = "<group>"; };
		7F4152B91F6F3EFD00C38899 /* task_ports.h */ = {isa = PBXFileReference; fileEncoding = 4; lastKnownFileType = sourcecode.c.h; name = task_ports.h; path = triziva/go/task_ports.h; sourceTree = "<group>"; };
		7F4152BA1F6F3EFD00C38899 /* xpc_handshake.c */ = {isa = PBXFileReference; fileEncoding = 4; lastKnownFileType = sourcecode.c.c; name = xpc_handshake.c; path = triziva/go/xpc_handshake.c; sourceTree = "<group>"; };
		7F4152BB1F6F3EFD00C38899 /* xpc_handshake.h */ = {isa = PBXFileReference; fileEncoding = 4; lastKnownFileType = sourcecode.c.h; name = xpc_handshake.h; path = triziva/go/xpc_handshake.h; sourceTree = "<group>"; };
		7F4152D11F6F406500C38899 /* oxpc_array.c */ = {isa = PBXFileReference; fileEncoding = 4; lastKnownFileType = sourcecode.c.c; name = oxpc_array.c; path = triziva/go/liboxpc/oxpc_array.c; sourceTree = "<group>"; };
		7F4152D21F6F406500C38899 /* oxpc_array.h */ = {isa = PBXFileReference; fileEncoding = 4; lastKnownFileType = sourcecode.c.h; name = oxpc_array.h; path = triziva/go/liboxpc/oxpc_array.h; sourceTree = "<group>"; };
		7F4152D31F6F406500C38899 /* oxpc_data.c */ = {isa = PBXFileReference; fileEncoding = 4; lastKnownFileType = sourcecode.c.c; name = oxpc_data.c; path = triziva/go/liboxpc/oxpc_data.c; sourceTree = "<group>"; };
		7F4152D41F6F406500C38899 /* oxpc_data.h */ = {isa = PBXFileReference; fileEncoding = 4; lastKnownFileType = sourcecode.c.h; name = oxpc_data.h; path = triziva/go/liboxpc/oxpc_data.h; sourceTree = "<group>"; };
		7F4152D51F6F406500C38899 /* oxpc_dictionary.c */ = {isa = PBXFileReference; fileEncoding = 4; lastKnownFileType = sourcecode.c.c; name = oxpc_dictionary.c; path = triziva/go/liboxpc/oxpc_dictionary.c; sourceTree = "<group>"; };
		7F4152D61F6F406500C38899 /* oxpc_dictionary.h */ = {isa = PBXFileReference; fileEncoding = 4; lastKnownFileType = sourcecode.c.h; name = oxpc_dictionary.h; path = triziva/go/liboxpc/oxpc_dictionary.h; sourceTree = "<group>"; };
		7F4152D71F6F406500C38899 /* oxpc_mach_send.c */ = {isa = PBXFileReference; fileEncoding = 4; lastKnownFileType = sourcecode.c.c; name = oxpc_mach_send.c; path = triziva/go/liboxpc/oxpc_mach_send.c; sourceTree = "<group>"; };
		7F4152D81F6F406500C38899 /* oxpc_mach_send.h */ = {isa = PBXFileReference; fileEncoding = 4; lastKnownFileType = sourcecode.c.h; name = oxpc_mach_send.h; path = triziva/go/liboxpc/oxpc_mach_send.h; sourceTree = "<group>"; };
		7F4152D91F6F406500C38899 /* oxpc_object.c */ = {isa = PBXFileReference; fileEncoding = 4; lastKnownFileType = sourcecode.c.c; name = oxpc_object.c; path = triziva/go/liboxpc/oxpc_object.c; sourceTree = "<group>"; };
		7F4152DA1F6F406500C38899 /* oxpc_object.h */ = {isa = PBXFileReference; fileEncoding = 4; lastKnownFileType = sourcecode.c.h; name = oxpc_object.h; path = triziva/go/liboxpc/oxpc_object.h; sourceTree = "<group>"; };
		7F4152DB1F6F406500C38899 /* oxpc_ool_data.c */ = {isa = PBXFileReference; fileEncoding = 4; lastKnownFileType = sourcecode.c.c; name = oxpc_ool_data.c; path = triziva/go/liboxpc/oxpc_ool_data.c; sourceTree = "<group>"; };
		7F4152DC1F6F406500C38899 /* oxpc_ool_data.h */ = {isa = PBXFileReference; fileEncoding = 4; lastKnownFileType = sourcecode.c.h; name = oxpc_ool_data.h; path = triziva/go/liboxpc/oxpc_ool_data.h; sourceTree = "<group>"; };
		7F4152DD1F6F406500C38899 /* oxpc_string.c */ = {isa = PBXFileReference; fileEncoding = 4; lastKnownFileType = sourcecode.c.c; name = oxpc_string.c; path = triziva/go/liboxpc/oxpc_string.c; sourceTree = "<group>"; };
		7F4152DE1F6F406500C38899 /* oxpc_string.h */ = {isa = PBXFileReference; fileEncoding = 4; lastKnownFileType = sourcecode.c.h; name = oxpc_string.h; path = triziva/go/liboxpc/oxpc_string.h; sourceTree = "<group>"; };
		7F4152DF1F6F406500C38899 /* oxpc_uint64.c */ = {isa = PBXFileReference; fileEncoding = 4; lastKnownFileType = sourcecode.c.c; name = oxpc_uint64.c; path = triziva/go/liboxpc/oxpc_uint64.c; sourceTree = "<group>"; };
		7F4152E01F6F406500C38899 /* oxpc_uint64.h */ = {isa = PBXFileReference; fileEncoding = 4; lastKnownFileType = sourcecode.c.h; name = oxpc_uint64.h; path = triziva/go/liboxpc/oxpc_uint64.h; sourceTree = "<group>"; };
		7F4152E11F6F406500C38899 /* oxpc_utils.c */ = {isa = PBXFileReference; fileEncoding = 4; lastKnownFileType = sourcecode.c.c; name = oxpc_utils.c; path = triziva/go/liboxpc/oxpc_utils.c; sourceTree = "<group>"; };
		7F4152E21F6F406500C38899 /* oxpc_utils.h */ = {isa = PBXFileReference; fileEncoding = 4; lastKnownFileType = sourcecode.c.h; name = oxpc_utils.h; path = triziva/go/liboxpc/oxpc_utils.h; sourceTree = "<group>"; };
		7F4152E31F6F406500C38899 /* oxpc_uuid.c */ = {isa = PBXFileReference; fileEncoding = 4; lastKnownFileType = sourcecode.c.c; name = oxpc_uuid.c; path = triziva/go/liboxpc/oxpc_uuid.c; sourceTree = "<group>"; };
		7F4152E41F6F406500C38899 /* oxpc_uuid.h */ = {isa = PBXFileReference; fileEncoding = 4; lastKnownFileType = sourcecode.c.h; name = oxpc_uuid.h; path = triziva/go/liboxpc/oxpc_uuid.h; sourceTree = "<group>"; };
		7F4152E51F6F406500C38899 /* oxpc.h */ = {isa = PBXFileReference; fileEncoding = 4; lastKnownFileType = sourcecode.c.h; name = oxpc.h; path = triziva/go/liboxpc/oxpc.h; sourceTree = "<group>"; };
/* End PBXFileReference section */

/* Begin PBXFrameworksBuildPhase section */
		7F41525B1F6F3CD100C38899 /* Frameworks */ = {
			isa = PBXFrameworksBuildPhase;
			buildActionMask = 2147483647;
			files = (
				7F297D451F70636C00FF66D2 /* IOKit.framework in Frameworks */,
			);
			runOnlyForDeploymentPostprocessing = 0;
		};
		7F4152741F6F3CD100C38899 /* Frameworks */ = {
			isa = PBXFrameworksBuildPhase;
			buildActionMask = 2147483647;
			files = (
			);
			runOnlyForDeploymentPostprocessing = 0;
		};
		7F41527F1F6F3CD100C38899 /* Frameworks */ = {
			isa = PBXFrameworksBuildPhase;
			buildActionMask = 2147483647;
			files = (
			);
			runOnlyForDeploymentPostprocessing = 0;
		};
/* End PBXFrameworksBuildPhase section */

/* Begin PBXGroup section */
		7F297D191F705B9900FF66D2 /* ziva */ = {
			isa = PBXGroup;
			children = (
				7F297D481F7068CE00FF66D2 /* iokit */,
				7F297D1A1F705BEF00FF66D2 /* apple_ave_pwn.h */,
				7F297D461F70643800FF66D2 /* IOKit.framework */,
				7F297D1B1F705BEF00FF66D2 /* apple_ave_pwn.m */,
				7F297D1C1F705BEF00FF66D2 /* apple_ave_utils.h */,
				7F297D1D1F705BEF00FF66D2 /* apple_ave_utils.m */,
				7F297D1E1F705BEF00FF66D2 /* device_port.h */,
				7F297D1F1F705BEF00FF66D2 /* device_types.h */,
				7F297D201F705BEF00FF66D2 /* heap_spray.h */,
				7F297D211F705BEF00FF66D2 /* heap_spray.m */,
				7F297D291F705BEF00FF66D2 /* iokit.h */,
				7F297D2A1F705BEF00FF66D2 /* iokitUser.m */,
				7F297D2B1F705BEF00FF66D2 /* iosurface_utils.h */,
				7F297D2C1F705BEF00FF66D2 /* iosurface_utils.m */,
				7F297D2D1F705BEF00FF66D2 /* kernel_read.h */,
				7F297D2E1F705BEF00FF66D2 /* kernel_read.m */,
				7F297D2F1F705BEF00FF66D2 /* offsets.h */,
				7F297D301F705BEF00FF66D2 /* offsets.m */,
				7F297D311F705BEF00FF66D2 /* z_exploit.h */,
				7F297D321F705BEF00FF66D2 /* z_exploit.m */,
				7F297D421F705F9F00FF66D2 /* zploit.h */,
				7F297D331F705BEF00FF66D2 /* rwx.h */,
				7F297D341F705BEF00FF66D2 /* rwx.m */,
				7F297D351F705BEF00FF66D2 /* utils.h */,
				7F297D361F705BEF00FF66D2 /* utils.m */,
				7F297D171F705B3D00FF66D2 /* zploit.m */,
			);
			name = ziva;
			sourceTree = "<group>";
		};
		7F297D431F70636B00FF66D2 /* Frameworks */ = {
			isa = PBXGroup;
			children = (
				7F297D441F70636C00FF66D2 /* IOKit.framework */,
			);
			name = Frameworks;
			sourceTree = "<group>";
		};
		7F297D481F7068CE00FF66D2 /* iokit */ = {
			isa = PBXGroup;
			children = (
			);
			name = iokit;
			sourceTree = "<group>";
		};
		7F4152551F6F3CD100C38899 = {
			isa = PBXGroup;
			children = (
				7F297D191F705B9900FF66D2 /* ziva */,
				7F4152991F6F3ED400C38899 /* triplefetch */,
				7F4152601F6F3CD100C38899 /* triziva */,
				7F41527A1F6F3CD100C38899 /* trizivaTests */,
				7F4152851F6F3CD100C38899 /* trizivaUITests */,
				7F41525F1F6F3CD100C38899 /* Products */,
				7F297D431F70636B00FF66D2 /* Frameworks */,
			);
			sourceTree = "<group>";
		};
		7F41525F1F6F3CD100C38899 /* Products */ = {
			isa = PBXGroup;
			children = (
				7F41525E1F6F3CD100C38899 /* triziva.app */,
				7F4152771F6F3CD100C38899 /* trizivaTests.xctest */,
				7F4152821F6F3CD100C38899 /* trizivaUITests.xctest */,
			);
			name = Products;
			sourceTree = "<group>";
		};
		7F4152601F6F3CD100C38899 /* triziva */ = {
			isa = PBXGroup;
			children = (
				7F4152641F6F3CD100C38899 /* AppDelegate.h */,
				7F4152651F6F3CD100C38899 /* AppDelegate.m */,
				7F4152671F6F3CD100C38899 /* ViewController.h */,
				7F4152681F6F3CD100C38899 /* ViewController.m */,
				7F41526A1F6F3CD100C38899 /* Main.storyboard */,
				7F41526D1F6F3CD100C38899 /* Assets.xcassets */,
				7F41526F1F6F3CD100C38899 /* LaunchScreen.storyboard */,
				7F4152721F6F3CD100C38899 /* Info.plist */,
				7F4152611F6F3CD100C38899 /* Supporting Files */,
			);
			path = triziva;
			sourceTree = "<group>";
		};
		7F4152611F6F3CD100C38899 /* Supporting Files */ = {
			isa = PBXGroup;
			children = (
				7F4152621F6F3CD100C38899 /* main.m */,
			);
			name = "Supporting Files";
			sourceTree = "<group>";
		};
		7F41527A1F6F3CD100C38899 /* trizivaTests */ = {
			isa = PBXGroup;
			children = (
				7F41527B1F6F3CD100C38899 /* trizivaTests.m */,
				7F41527D1F6F3CD100C38899 /* Info.plist */,
			);
			path = trizivaTests;
			sourceTree = "<group>";
		};
		7F4152851F6F3CD100C38899 /* trizivaUITests */ = {
			isa = PBXGroup;
			children = (
				7F4152861F6F3CD100C38899 /* trizivaUITests.m */,
				7F4152881F6F3CD100C38899 /* Info.plist */,
			);
			path = trizivaUITests;
			sourceTree = "<group>";
		};
		7F4152991F6F3ED400C38899 /* triplefetch */ = {
			isa = PBXGroup;
			children = (
				7F4152D01F6F404C00C38899 /* liboxpc */,
				7F41529A1F6F3EFD00C38899 /* cdhash.c */,
				7F41529B1F6F3EFD00C38899 /* cdhash.h */,
				7F41529C1F6F3EFD00C38899 /* debugger_support.c */,
				7F41529D1F6F3EFD00C38899 /* debugger_support.h */,
				7F41529E1F6F3EFD00C38899 /* debugserver */,
				7F41529F1F6F3EFD00C38899 /* debugserver.diff */,
				7F4152A01F6F3EFD00C38899 /* drop_payload.c */,
				7F4152A11F6F3EFD00C38899 /* drop_payload.h */,
				7F4152A21F6F3EFD00C38899 /* Info.plist */,
				7F4152A41F6F3EFD00C38899 /* log.h */,
				7F4152A51F6F3EFD00C38899 /* main.m */,
				7F4152A61F6F3EFD00C38899 /* minibplist16.c */,
				7F4152A71F6F3EFD00C38899 /* minibplist16.h */,
				7F4152A81F6F3EFD00C38899 /* patch_amfid.c */,
				7F4152A91F6F3EFD00C38899 /* patch_amfid.h */,
				7F4152AA1F6F3EFD00C38899 /* pocs */,
				7F4152AB1F6F3EFD00C38899 /* post_exploit.c */,
				7F4152AC1F6F3EFD00C38899 /* post_exploit.h */,
				7F4152AD1F6F3EFD00C38899 /* README */,
				7F4152AE1F6F3EFD00C38899 /* remote_call.c */,
				7F4152AF1F6F3EFD00C38899 /* remote_call.h */,
				7F4152B01F6F3EFD00C38899 /* remote_file.c */,
				7F4152B11F6F3EFD00C38899 /* remote_file.h */,
				7F4152B21F6F3EFD00C38899 /* remote_memory.c */,
				7F4152B31F6F3EFD00C38899 /* remote_memory.h */,
				7F4152B41F6F3EFD00C38899 /* remote_ports.c */,
				7F4152B51F6F3EFD00C38899 /* remote_ports.h */,
				7F4152B61F6F3EFD00C38899 /* sploit.c */,
				7F4152B71F6F3EFD00C38899 /* sploit.h */,
				7F4152B81F6F3EFD00C38899 /* task_ports.c */,
				7F4152B91F6F3EFD00C38899 /* task_ports.h */,
				7F4152BA1F6F3EFD00C38899 /* xpc_handshake.c */,
				7F4152BB1F6F3EFD00C38899 /* xpc_handshake.h */,
			);
			name = triplefetch;
			sourceTree = "<group>";
		};
		7F4152D01F6F404C00C38899 /* liboxpc */ = {
			isa = PBXGroup;
			children = (
				7F4152D11F6F406500C38899 /* oxpc_array.c */,
				7F4152D21F6F406500C38899 /* oxpc_array.h */,
				7F4152D31F6F406500C38899 /* oxpc_data.c */,
				7F4152D41F6F406500C38899 /* oxpc_data.h */,
				7F4152D51F6F406500C38899 /* oxpc_dictionary.c */,
				7F4152D61F6F406500C38899 /* oxpc_dictionary.h */,
				7F4152D71F6F406500C38899 /* oxpc_mach_send.c */,
				7F4152D81F6F406500C38899 /* oxpc_mach_send.h */,
				7F4152D91F6F406500C38899 /* oxpc_object.c */,
				7F4152DA1F6F406500C38899 /* oxpc_object.h */,
				7F4152DB1F6F406500C38899 /* oxpc_ool_data.c */,
				7F4152DC1F6F406500C38899 /* oxpc_ool_data.h */,
				7F4152DD1F6F406500C38899 /* oxpc_string.c */,
				7F4152DE1F6F406500C38899 /* oxpc_string.h */,
				7F4152DF1F6F406500C38899 /* oxpc_uint64.c */,
				7F4152E01F6F406500C38899 /* oxpc_uint64.h */,
				7F4152E11F6F406500C38899 /* oxpc_utils.c */,
				7F4152E21F6F406500C38899 /* oxpc_utils.h */,
				7F4152E31F6F406500C38899 /* oxpc_uuid.c */,
				7F4152E41F6F406500C38899 /* oxpc_uuid.h */,
				7F4152E51F6F406500C38899 /* oxpc.h */,
			);
			name = liboxpc;
			sourceTree = "<group>";
		};
/* End PBXGroup section */

/* Begin PBXNativeTarget section */
		7F41525D1F6F3CD100C38899 /* triziva */ = {
			isa = PBXNativeTarget;
			buildConfigurationList = 7F41528B1F6F3CD100C38899 /* Build configuration list for PBXNativeTarget "triziva" */;
			buildPhases = (
				7F41525A1F6F3CD100C38899 /* Sources */,
				7F41525B1F6F3CD100C38899 /* Frameworks */,
				7F41525C1F6F3CD100C38899 /* Resources */,
			);
			buildRules = (
			);
			dependencies = (
			);
			name = triziva;
			productName = triziva;
			productReference = 7F41525E1F6F3CD100C38899 /* triziva.app */;
			productType = "com.apple.product-type.application";
		};
		7F4152761F6F3CD100C38899 /* trizivaTests */ = {
			isa = PBXNativeTarget;
			buildConfigurationList = 7F41528E1F6F3CD100C38899 /* Build configuration list for PBXNativeTarget "trizivaTests" */;
			buildPhases = (
				7F4152731F6F3CD100C38899 /* Sources */,
				7F4152741F6F3CD100C38899 /* Frameworks */,
				7F4152751F6F3CD100C38899 /* Resources */,
			);
			buildRules = (
			);
			dependencies = (
				7F4152791F6F3CD100C38899 /* PBXTargetDependency */,
			);
			name = trizivaTests;
			productName = trizivaTests;
			productReference = 7F4152771F6F3CD100C38899 /* trizivaTests.xctest */;
			productType = "com.apple.product-type.bundle.unit-test";
		};
		7F4152811F6F3CD100C38899 /* trizivaUITests */ = {
			isa = PBXNativeTarget;
			buildConfigurationList = 7F4152911F6F3CD100C38899 /* Build configuration list for PBXNativeTarget "trizivaUITests" */;
			buildPhases = (
				7F41527E1F6F3CD100C38899 /* Sources */,
				7F41527F1F6F3CD100C38899 /* Frameworks */,
				7F4152801F6F3CD100C38899 /* Resources */,
			);
			buildRules = (
			);
			dependencies = (
				7F4152841F6F3CD100C38899 /* PBXTargetDependency */,
			);
			name = trizivaUITests;
			productName = trizivaUITests;
			productReference = 7F4152821F6F3CD100C38899 /* trizivaUITests.xctest */;
			productType = "com.apple.product-type.bundle.ui-testing";
		};
/* End PBXNativeTarget section */

/* Begin PBXProject section */
		7F4152561F6F3CD100C38899 /* Project object */ = {
			isa = PBXProject;
			attributes = {
				LastUpgradeCheck = 0830;
				ORGANIZATIONNAME = "Caleb Arendse";
				TargetAttributes = {
					7F41525D1F6F3CD100C38899 = {
						CreatedOnToolsVersion = 8.3.3;
						DevelopmentTeam = 55HBXGDM8U;
						ProvisioningStyle = Automatic;
					};
					7F4152761F6F3CD100C38899 = {
						CreatedOnToolsVersion = 8.3.3;
						DevelopmentTeam = YWY4QSGB3Y;
						ProvisioningStyle = Automatic;
						TestTargetID = 7F41525D1F6F3CD100C38899;
					};
					7F4152811F6F3CD100C38899 = {
						CreatedOnToolsVersion = 8.3.3;
						DevelopmentTeam = YWY4QSGB3Y;
						ProvisioningStyle = Automatic;
						TestTargetID = 7F41525D1F6F3CD100C38899;
					};
				};
			};
			buildConfigurationList = 7F4152591F6F3CD100C38899 /* Build configuration list for PBXProject "triziva" */;
			compatibilityVersion = "Xcode 3.2";
			developmentRegion = English;
			hasScannedForEncodings = 0;
			knownRegions = (
				en,
				Base,
			);
			mainGroup = 7F4152551F6F3CD100C38899;
			productRefGroup = 7F41525F1F6F3CD100C38899 /* Products */;
			projectDirPath = "";
			projectRoot = "";
			targets = (
				7F41525D1F6F3CD100C38899 /* triziva */,
				7F4152761F6F3CD100C38899 /* trizivaTests */,
				7F4152811F6F3CD100C38899 /* trizivaUITests */,
			);
		};
/* End PBXProject section */

/* Begin PBXResourcesBuildPhase section */
		7F41525C1F6F3CD100C38899 /* Resources */ = {
			isa = PBXResourcesBuildPhase;
			buildActionMask = 2147483647;
			files = (
				7F4152C81F6F3EFE00C38899 /* README in Resources */,
				7F4152711F6F3CD100C38899 /* LaunchScreen.storyboard in Resources */,
				7F4152C61F6F3EFE00C38899 /* pocs in Resources */,
				7F4152BE1F6F3EFD00C38899 /* debugserver in Resources */,
				7F4152C11F6F3EFE00C38899 /* Info.plist in Resources */,
				7F4152BF1F6F3EFD00C38899 /* debugserver.diff in Resources */,
				7F41526E1F6F3CD100C38899 /* Assets.xcassets in Resources */,
				7F41526C1F6F3CD100C38899 /* Main.storyboard in Resources */,
			);
			runOnlyForDeploymentPostprocessing = 0;
		};
		7F4152751F6F3CD100C38899 /* Resources */ = {
			isa = PBXResourcesBuildPhase;
			buildActionMask = 2147483647;
			files = (
			);
			runOnlyForDeploymentPostprocessing = 0;
		};
		7F4152801F6F3CD100C38899 /* Resources */ = {
			isa = PBXResourcesBuildPhase;
			buildActionMask = 2147483647;
			files = (
			);
			runOnlyForDeploymentPostprocessing = 0;
		};
/* End PBXResourcesBuildPhase section */

/* Begin PBXSourcesBuildPhase section */
		7F41525A1F6F3CD100C38899 /* Sources */ = {
			isa = PBXSourcesBuildPhase;
			buildActionMask = 2147483647;
			files = (
				7F4152BC1F6F3EFD00C38899 /* cdhash.c in Sources */,
				7F4152E71F6F406500C38899 /* oxpc_data.c in Sources */,
				7F4152EF1F6F406500C38899 /* oxpc_uuid.c in Sources */,
				7F4152CA1F6F3EFE00C38899 /* remote_file.c in Sources */,
				7F297D3C1F705BEF00FF66D2 /* iosurface_utils.m in Sources */,
				7F297D3E1F705BEF00FF66D2 /* offsets.m in Sources */,
				7F4152CF1F6F3EFE00C38899 /* xpc_handshake.c in Sources */,
				7F297D3B1F705BEF00FF66D2 /* iokitUser.m in Sources */,
				7F297D181F705B3D00FF66D2 /* zploit.m in Sources */,
				7F297D411F705BEF00FF66D2 /* utils.m in Sources */,
				7F4152CC1F6F3EFE00C38899 /* remote_ports.c in Sources */,
				7F4152CD1F6F3EFE00C38899 /* sploit.c in Sources */,
				7F4152EC1F6F406500C38899 /* oxpc_string.c in Sources */,
				7F4152C71F6F3EFE00C38899 /* post_exploit.c in Sources */,
				7F4152C41F6F3EFE00C38899 /* minibplist16.c in Sources */,
				7F4152E61F6F406500C38899 /* oxpc_array.c in Sources */,
				7F4152E91F6F406500C38899 /* oxpc_mach_send.c in Sources */,
				7F4152EB1F6F406500C38899 /* oxpc_ool_data.c in Sources */,
				7F297D3D1F705BEF00FF66D2 /* kernel_read.m in Sources */,
				7F4152E81F6F406500C38899 /* oxpc_dictionary.c in Sources */,
				7F4152C01F6F3EFD00C38899 /* drop_payload.c in Sources */,
				7F4152CE1F6F3EFE00C38899 /* task_ports.c in Sources */,
				7F4152EE1F6F406500C38899 /* oxpc_utils.c in Sources */,
				7F4152C51F6F3EFE00C38899 /* patch_amfid.c in Sources */,
				7F297D391F705BEF00FF66D2 /* heap_spray.m in Sources */,
				7F297D371F705BEF00FF66D2 /* apple_ave_pwn.m in Sources */,
				7F4152691F6F3CD100C38899 /* ViewController.m in Sources */,
				7F297D401F705BEF00FF66D2 /* rwx.m in Sources */,
				7F297D381F705BEF00FF66D2 /* apple_ave_utils.m in Sources */,
				7F4152CB1F6F3EFE00C38899 /* remote_memory.c in Sources */,
				7F4152BD1F6F3EFD00C38899 /* debugger_support.c in Sources */,
				7F4152661F6F3CD100C38899 /* AppDelegate.m in Sources */,
				7F4152EA1F6F406500C38899 /* oxpc_object.c in Sources */,
				7F4152ED1F6F406500C38899 /* oxpc_uint64.c in Sources */,
				7F4152C31F6F3EFE00C38899 /* main.m in Sources */,
				7F4152C91F6F3EFE00C38899 /* remote_call.c in Sources */,
				7F297D3F1F705BEF00FF66D2 /* z_exploit.m in Sources */,
			);
			runOnlyForDeploymentPostprocessing = 0;
		};
		7F4152731F6F3CD100C38899 /* Sources */ = {
			isa = PBXSourcesBuildPhase;
			buildActionMask = 2147483647;
			files = (
				7F41527C1F6F3CD100C38899 /* trizivaTests.m in Sources */,
			);
			runOnlyForDeploymentPostprocessing = 0;
		};
		7F41527E1F6F3CD100C38899 /* Sources */ = {
			isa = PBXSourcesBuildPhase;
			buildActionMask = 2147483647;
			files = (
				7F4152871F6F3CD100C38899 /* trizivaUITests.m in Sources */,
			);
			runOnlyForDeploymentPostprocessing = 0;
		};
/* End PBXSourcesBuildPhase section */

/* Begin PBXTargetDependency section */
		7F4152791F6F3CD100C38899 /* PBXTargetDependency */ = {
			isa = PBXTargetDependency;
			target = 7F41525D1F6F3CD100C38899 /* triziva */;
			targetProxy = 7F4152781F6F3CD100C38899 /* PBXContainerItemProxy */;
		};
		7F4152841F6F3CD100C38899 /* PBXTargetDependency */ = {
			isa = PBXTargetDependency;
			target = 7F41525D1F6F3CD100C38899 /* triziva */;
			targetProxy = 7F4152831F6F3CD100C38899 /* PBXContainerItemProxy */;
		};
/* End PBXTargetDependency section */

/* Begin PBXVariantGroup section */
		7F41526A1F6F3CD100C38899 /* Main.storyboard */ = {
			isa = PBXVariantGroup;
			children = (
				7F41526B1F6F3CD100C38899 /* Base */,
			);
			name = Main.storyboard;
			sourceTree = "<group>";
		};
		7F41526F1F6F3CD100C38899 /* LaunchScreen.storyboard */ = {
			isa = PBXVariantGroup;
			children = (
				7F4152701F6F3CD100C38899 /* Base */,
			);
			name = LaunchScreen.storyboard;
			sourceTree = "<group>";
		};
/* End PBXVariantGroup section */

/* Begin XCBuildConfiguration section */
		7F4152891F6F3CD100C38899 /* Debug */ = {
			isa = XCBuildConfiguration;
			buildSettings = {
				ALWAYS_SEARCH_USER_PATHS = NO;
				CLANG_ANALYZER_NONNULL = YES;
				CLANG_ANALYZER_NUMBER_OBJECT_CONVERSION = YES_AGGRESSIVE;
				CLANG_CXX_LANGUAGE_STANDARD = "gnu++0x";
				CLANG_CXX_LIBRARY = "libc++";
				CLANG_ENABLE_MODULES = YES;
				CLANG_ENABLE_OBJC_ARC = YES;
				CLANG_WARN_BOOL_CONVERSION = YES;
				CLANG_WARN_CONSTANT_CONVERSION = YES;
				CLANG_WARN_DIRECT_OBJC_ISA_USAGE = YES_ERROR;
				CLANG_WARN_DOCUMENTATION_COMMENTS = YES;
				CLANG_WARN_EMPTY_BODY = YES;
				CLANG_WARN_ENUM_CONVERSION = YES;
				CLANG_WARN_INFINITE_RECURSION = YES;
				CLANG_WARN_INT_CONVERSION = YES;
				CLANG_WARN_OBJC_ROOT_CLASS = YES_ERROR;
				CLANG_WARN_SUSPICIOUS_MOVE = YES;
				CLANG_WARN_UNREACHABLE_CODE = YES;
				CLANG_WARN__DUPLICATE_METHOD_MATCH = YES;
				"CODE_SIGN_IDENTITY[sdk=iphoneos*]" = "iPhone Developer";
				COPY_PHASE_STRIP = NO;
				DEBUG_INFORMATION_FORMAT = dwarf;
				ENABLE_STRICT_OBJC_MSGSEND = YES;
				ENABLE_TESTABILITY = YES;
				GCC_C_LANGUAGE_STANDARD = gnu99;
				GCC_DYNAMIC_NO_PIC = NO;
				GCC_NO_COMMON_BLOCKS = YES;
				GCC_OPTIMIZATION_LEVEL = 0;
				GCC_PREPROCESSOR_DEFINITIONS = (
					"DEBUG=1",
					"$(inherited)",
				);
				GCC_WARN_64_TO_32_BIT_CONVERSION = YES;
				GCC_WARN_ABOUT_RETURN_TYPE = YES_ERROR;
				GCC_WARN_UNDECLARED_SELECTOR = YES;
				GCC_WARN_UNINITIALIZED_AUTOS = YES_AGGRESSIVE;
				GCC_WARN_UNUSED_FUNCTION = YES;
				GCC_WARN_UNUSED_VARIABLE = YES;
				IPHONEOS_DEPLOYMENT_TARGET = 10.3;
				MTL_ENABLE_DEBUG_INFO = YES;
				ONLY_ACTIVE_ARCH = YES;
				SDKROOT = iphoneos;
				TARGETED_DEVICE_FAMILY = "1,2";
			};
			name = Debug;
		};
		7F41528A1F6F3CD100C38899 /* Release */ = {
			isa = XCBuildConfiguration;
			buildSettings = {
				ALWAYS_SEARCH_USER_PATHS = NO;
				CLANG_ANALYZER_NONNULL = YES;
				CLANG_ANALYZER_NUMBER_OBJECT_CONVERSION = YES_AGGRESSIVE;
				CLANG_CXX_LANGUAGE_STANDARD = "gnu++0x";
				CLANG_CXX_LIBRARY = "libc++";
				CLANG_ENABLE_MODULES = YES;
				CLANG_ENABLE_OBJC_ARC = YES;
				CLANG_WARN_BOOL_CONVERSION = YES;
				CLANG_WARN_CONSTANT_CONVERSION = YES;
				CLANG_WARN_DIRECT_OBJC_ISA_USAGE = YES_ERROR;
				CLANG_WARN_DOCUMENTATION_COMMENTS = YES;
				CLANG_WARN_EMPTY_BODY = YES;
				CLANG_WARN_ENUM_CONVERSION = YES;
				CLANG_WARN_INFINITE_RECURSION = YES;
				CLANG_WARN_INT_CONVERSION = YES;
				CLANG_WARN_OBJC_ROOT_CLASS = YES_ERROR;
				CLANG_WARN_SUSPICIOUS_MOVE = YES;
				CLANG_WARN_UNREACHABLE_CODE = YES;
				CLANG_WARN__DUPLICATE_METHOD_MATCH = YES;
				"CODE_SIGN_IDENTITY[sdk=iphoneos*]" = "iPhone Developer";
				COPY_PHASE_STRIP = NO;
				DEBUG_INFORMATION_FORMAT = "dwarf-with-dsym";
				ENABLE_NS_ASSERTIONS = NO;
				ENABLE_STRICT_OBJC_MSGSEND = YES;
				GCC_C_LANGUAGE_STANDARD = gnu99;
				GCC_NO_COMMON_BLOCKS = YES;
				GCC_WARN_64_TO_32_BIT_CONVERSION = YES;
				GCC_WARN_ABOUT_RETURN_TYPE = YES_ERROR;
				GCC_WARN_UNDECLARED_SELECTOR = YES;
				GCC_WARN_UNINITIALIZED_AUTOS = YES_AGGRESSIVE;
				GCC_WARN_UNUSED_FUNCTION = YES;
				GCC_WARN_UNUSED_VARIABLE = YES;
				IPHONEOS_DEPLOYMENT_TARGET = 10.3;
				MTL_ENABLE_DEBUG_INFO = NO;
				SDKROOT = iphoneos;
				TARGETED_DEVICE_FAMILY = "1,2";
				VALIDATE_PRODUCT = YES;
			};
			name = Release;
		};
		7F41528C1F6F3CD100C38899 /* Debug */ = {
			isa = XCBuildConfiguration;
			buildSettings = {
				ASSETCATALOG_COMPILER_APPICON_NAME = AppIcon;
				DEBUG_INFORMATION_FORMAT = dwarf;
				DEVELOPMENT_TEAM = 55HBXGDM8U;
				FRAMEWORK_SEARCH_PATHS = (
					"$(inherited)",
					"$(PROJECT_DIR)/triziva",
					"$(PROJECT_DIR)",
				);
				INFOPLIST_FILE = triziva/Info.plist;
				LD_RUNPATH_SEARCH_PATHS = "$(inherited) @executable_path/Frameworks";
				PRODUCT_BUNDLE_IDENTIFIER = bitandabit.triziva;
				PRODUCT_NAME = "$(TARGET_NAME)";
			};
			name = Debug;
		};
		7F41528D1F6F3CD100C38899 /* Release */ = {
			isa = XCBuildConfiguration;
			buildSettings = {
				ASSETCATALOG_COMPILER_APPICON_NAME = AppIcon;
				DEBUG_INFORMATION_FORMAT = "dwarf-with-dsym";
				DEVELOPMENT_TEAM = 55HBXGDM8U;
				FRAMEWORK_SEARCH_PATHS = (
					"$(inherited)",
					"$(PROJECT_DIR)/triziva",
					"$(PROJECT_DIR)",
				);
				INFOPLIST_FILE = triziva/Info.plist;
				LD_RUNPATH_SEARCH_PATHS = "$(inherited) @executable_path/Frameworks";
				PRODUCT_BUNDLE_IDENTIFIER = bitandabit.triziva;
				PRODUCT_NAME = "$(TARGET_NAME)";
			};
			name = Release;
		};
		7F41528F1F6F3CD100C38899 /* Debug */ = {
			isa = XCBuildConfiguration;
			buildSettings = {
				BUNDLE_LOADER = "$(TEST_HOST)";
				DEVELOPMENT_TEAM = YWY4QSGB3Y;
				INFOPLIST_FILE = trizivaTests/Info.plist;
				LD_RUNPATH_SEARCH_PATHS = "$(inherited) @executable_path/Frameworks @loader_path/Frameworks";
				PRODUCT_BUNDLE_IDENTIFIER = bitandabit.trizivaTests;
				PRODUCT_NAME = "$(TARGET_NAME)";
				TEST_HOST = "$(BUILT_PRODUCTS_DIR)/triziva.app/triziva";
			};
			name = Debug;
		};
		7F4152901F6F3CD100C38899 /* Release */ = {
			isa = XCBuildConfiguration;
			buildSettings = {
				BUNDLE_LOADER = "$(TEST_HOST)";
				DEVELOPMENT_TEAM = YWY4QSGB3Y;
				INFOPLIST_FILE = trizivaTests/Info.plist;
				LD_RUNPATH_SEARCH_PATHS = "$(inherited) @executable_path/Frameworks @loader_path/Frameworks";
				PRODUCT_BUNDLE_IDENTIFIER = bitandabit.trizivaTests;
				PRODUCT_NAME = "$(TARGET_NAME)";
				TEST_HOST = "$(BUILT_PRODUCTS_DIR)/triziva.app/triziva";
			};
			name = Release;
		};
		7F4152921F6F3CD100C38899 /* Debug */ = {
			isa = XCBuildConfiguration;
			buildSettings = {
				DEVELOPMENT_TEAM = YWY4QSGB3Y;
				INFOPLIST_FILE = trizivaUITests/Info.plist;
				LD_RUNPATH_SEARCH_PATHS = "$(inherited) @executable_path/Frameworks @loader_path/Frameworks";
				PRODUCT_BUNDLE_IDENTIFIER = bitandabit.trizivaUITests;
				PRODUCT_NAME = "$(TARGET_NAME)";
				TEST_TARGET_NAME = triziva;
			};
			name = Debug;
		};
		7F4152931F6F3CD100C38899 /* Release */ = {
			isa = XCBuildConfiguration;
			buildSettings = {
				DEVELOPMENT_TEAM = YWY4QSGB3Y;
				INFOPLIST_FILE = trizivaUITests/Info.plist;
				LD_RUNPATH_SEARCH_PATHS = "$(inherited) @executable_path/Frameworks @loader_path/Frameworks";
				PRODUCT_BUNDLE_IDENTIFIER = bitandabit.trizivaUITests;
				PRODUCT_NAME = "$(TARGET_NAME)";
				TEST_TARGET_NAME = triziva;
			};
			name = Release;
		};
/* End XCBuildConfiguration section */

/* Begin XCConfigurationList section */
		7F4152591F6F3CD100C38899 /* Build configuration list for PBXProject "triziva" */ = {
			isa = XCConfigurationList;
			buildConfigurations = (
				7F4152891F6F3CD100C38899 /* Debug */,
				7F41528A1F6F3CD100C38899 /* Release */,
			);
			defaultConfigurationIsVisible = 0;
			defaultConfigurationName = Release;
		};
		7F41528B1F6F3CD100C38899 /* Build configuration list for PBXNativeTarget "triziva" */ = {
			isa = XCConfigurationList;
			buildConfigurations = (
				7F41528C1F6F3CD100C38899 /* Debug */,
				7F41528D1F6F3CD100C38899 /* Release */,
			);
			defaultConfigurationIsVisible = 0;
			defaultConfigurationName = Release;
		};
		7F41528E1F6F3CD100C38899 /* Build configuration list for PBXNativeTarget "trizivaTests" */ = {
			isa = XCConfigurationList;
			buildConfigurations = (
				7F41528F1F6F3CD100C38899 /* Debug */,
				7F4152901F6F3CD100C38899 /* Release */,
			);
			defaultConfigurationIsVisible = 0;
			defaultConfigurationName = Release;
		};
		7F4152911F6F3CD100C38899 /* Build configuration list for PBXNativeTarget "trizivaUITests" */ = {
			isa = XCConfigurationList;
			buildConfigurations = (
				7F4152921F6F3CD100C38899 /* Debug */,
				7F4152931F6F3CD100C38899 /* Release */,
			);
			defaultConfigurationIsVisible = 0;
			defaultConfigurationName = Release;
		};
/* End XCConfigurationList section */
	};
	rootObject = 7F4152561F6F3CD100C38899 /* Project object */;
}
